
Microsoft Visual Studio Solution File, Format Version 12.00
# Visual Studio Version 16
VisualStudioVersion = 16.0.30128.74
MinimumVisualStudioVersion = 10.0.40219.1
Project("{FAE04EC0-301F-11D3-BF4B-00C04F79EFBC}") = "ProvByDocModels", "ProvByDocModels\ProvByDocModels.csproj", "{A13112D3-DECF-479B-BA6C-67C216EB81B4}"
EndProject
Global
	GlobalSection(SolutionConfigurationPlatforms) = preSolution
		Debug|Any CPU = Debug|Any CPU
		Release|Any CPU = Release|Any CPU
	EndGlobalSection
	GlobalSection(ProjectConfigurationPlatforms) = postSolution
		{A13112D3-DECF-479B-BA6C-67C216EB81B4}.Debug|Any CPU.ActiveCfg = Debug|Any CPU
		{A13112D3-DECF-479B-BA6C-67C216EB81B4}.Debug|Any CPU.Build.0 = Debug|Any CPU
		{A13112D3-DECF-479B-BA6C-67C216EB81B4}.Release|Any CPU.ActiveCfg = Release|Any CPU
		{A13112D3-DECF-479B-BA6C-67C216EB81B4}.Release|Any CPU.Build.0 = Release|Any CPU
	EndGlobalSection
	GlobalSection(SolutionProperties) = preSolution
		HideSolutionNode = FALSE
	EndGlobalSection
	GlobalSection(ExtensibilityGlobals) = postSolution
		SolutionGuid = {C2D646D7-C813-44D7-8311-8DE77441AB0B}
	EndGlobalSection
EndGlobal
